
Microsoft Visual Studio Solution File, Format Version 12.00
# Visual Studio Version 16
VisualStudioVersion = 16.0.31727.386
MinimumVisualStudioVersion = 10.0.40219.1
Project("{9A19103F-16F7-4668-BE54-9A1E7A4F7556}") = "MRDN68_HFT_2021221.Client", "MRDN68_HFT_2021221.Client\MRDN68_HFT_2021221.Client.csproj", "{F5FA8B32-A06D-4561-B660-600E36C4B601}"
EndProject
Project("{9A19103F-16F7-4668-BE54-9A1E7A4F7556}") = "MRDN68_HFT_2021221.Models", "MRDN68_HFT_2021221.Models\MRDN68_HFT_2021221.Models.csproj", "{0FBEE8FE-B839-4EDF-8F43-A0B6DAA68906}"
EndProject
Project("{9A19103F-16F7-4668-BE54-9A1E7A4F7556}") = "MRDN68_HFT_2021221.Data", "MRDN68_HFT_2021221.Data\MRDN68_HFT_2021221.Data.csproj", "{3AF7A71D-3699-4F79-814B-FC8AD67221F5}"
EndProject
Project("{9A19103F-16F7-4668-BE54-9A1E7A4F7556}") = "MRDN68_HFT_2021221.Logic", "MRDN68_HFT_2021221.Logic\MRDN68_HFT_2021221.Logic.csproj", "{E67C23E7-35CD-44F1-A83B-836AAA90BF54}"
EndProject
Project("{9A19103F-16F7-4668-BE54-9A1E7A4F7556}") = "MRDN68_HFT_2021221.Repository", "MRDN68_HFT_2021221.Repository\MRDN68_HFT_2021221.Repository.csproj", "{868F7D87-0045-4367-9DC0-D5D3FAB4C736}"
EndProject
Project("{9A19103F-16F7-4668-BE54-9A1E7A4F7556}") = "MRDN68_HFT_2021221.Test", "MRDN68_HFT_2021221.Test\MRDN68_HFT_2021221.Test.csproj", "{A8A09645-2FB2-41E6-B301-47AEB85B3F63}"
EndProject
Project("{9A19103F-16F7-4668-BE54-9A1E7A4F7556}") = "MRDN68_HFT_2021221.Endpoint", "MRDN68_HFT_2021221.Endpoint\MRDN68_HFT_2021221.Endpoint.csproj", "{44D1EEC1-AAA9-40ED-A64C-B32C43953EF2}"
EndProject
Project("{2150E333-8FDC-42A3-9474-1A3956D46DE8}") = "Backend", "Backend", "{663C8B91-C2DE-439D-B16A-580676A39848}"
EndProject
Project("{2150E333-8FDC-42A3-9474-1A3956D46DE8}") = "Frontend", "Frontend", "{4762ED38-145E-4A31-898D-948B0F09E40F}"
EndProject
Project("{2150E333-8FDC-42A3-9474-1A3956D46DE8}") = "Shared", "Shared", "{DA8502FC-38B6-4A49-801E-C6B6F50B7331}"
EndProject
Project("{2150E333-8FDC-42A3-9474-1A3956D46DE8}") = "Others", "Others", "{27F899CB-9333-4111-BC8F-25C75BE24ED6}"
	ProjectSection(SolutionItems) = preProject
		.gitignore = .gitignore
	EndProjectSection
EndProject
Project("{FAE04EC0-301F-11D3-BF4B-00C04F79EFBC}") = "MRDN68_HFT_2021221.WpfClient", "MRDN68_HFT_2021221.WpfClient\MRDN68_HFT_2021221.WpfClient.csproj", "{7CE6493F-35C0-48F4-90F1-B235E3E2296C}"
EndProject
Global
	GlobalSection(SolutionConfigurationPlatforms) = preSolution
		Debug|Any CPU = Debug|Any CPU
		Release|Any CPU = Release|Any CPU
	EndGlobalSection
	GlobalSection(ProjectConfigurationPlatforms) = postSolution
		{F5FA8B32-A06D-4561-B660-600E36C4B601}.Debug|Any CPU.ActiveCfg = Debug|Any CPU
		{F5FA8B32-A06D-4561-B660-600E36C4B601}.Debug|Any CPU.Build.0 = Debug|Any CPU
		{F5FA8B32-A06D-4561-B660-600E36C4B601}.Release|Any CPU.ActiveCfg = Release|Any CPU
		{F5FA8B32-A06D-4561-B660-600E36C4B601}.Release|Any CPU.Build.0 = Release|Any CPU
		{0FBEE8FE-B839-4EDF-8F43-A0B6DAA68906}.Debug|Any CPU.ActiveCfg = Debug|Any CPU
		{0FBEE8FE-B839-4EDF-8F43-A0B6DAA68906}.Debug|Any CPU.Build.0 = Debug|Any CPU
		{0FBEE8FE-B839-4EDF-8F43-A0B6DAA68906}.Release|Any CPU.ActiveCfg = Release|Any CPU
		{0FBEE8FE-B839-4EDF-8F43-A0B6DAA68906}.Release|Any CPU.Build.0 = Release|Any CPU
		{3AF7A71D-3699-4F79-814B-FC8AD67221F5}.Debug|Any CPU.ActiveCfg = Debug|Any CPU
		{3AF7A71D-3699-4F79-814B-FC8AD67221F5}.Debug|Any CPU.Build.0 = Debug|Any CPU
		{3AF7A71D-3699-4F79-814B-FC8AD67221F5}.Release|Any CPU.ActiveCfg = Release|Any CPU
		{3AF7A71D-3699-4F79-814B-FC8AD67221F5}.Release|Any CPU.Build.0 = Release|Any CPU
		{E67C23E7-35CD-44F1-A83B-836AAA90BF54}.Debug|Any CPU.ActiveCfg = Debug|Any CPU
		{E67C23E7-35CD-44F1-A83B-836AAA90BF54}.Debug|Any CPU.Build.0 = Debug|Any CPU
		{E67C23E7-35CD-44F1-A83B-836AAA90BF54}.Release|Any CPU.ActiveCfg = Release|Any CPU
		{E67C23E7-35CD-44F1-A83B-836AAA90BF54}.Release|Any CPU.Build.0 = Release|Any CPU
		{868F7D87-0045-4367-9DC0-D5D3FAB4C736}.Debug|Any CPU.ActiveCfg = Debug|Any CPU
		{868F7D87-0045-4367-9DC0-D5D3FAB4C736}.Debug|Any CPU.Build.0 = Debug|Any CPU
		{868F7D87-0045-4367-9DC0-D5D3FAB4C736}.Release|Any CPU.ActiveCfg = Release|Any CPU
		{868F7D87-0045-4367-9DC0-D5D3FAB4C736}.Release|Any CPU.Build.0 = Release|Any CPU
		{A8A09645-2FB2-41E6-B301-47AEB85B3F63}.Debug|Any CPU.ActiveCfg = Debug|Any CPU
		{A8A09645-2FB2-41E6-B301-47AEB85B3F63}.Debug|Any CPU.Build.0 = Debug|Any CPU
		{A8A09645-2FB2-41E6-B301-47AEB85B3F63}.Release|Any CPU.ActiveCfg = Release|Any CPU
		{A8A09645-2FB2-41E6-B301-47AEB85B3F63}.Release|Any CPU.Build.0 = Release|Any CPU
		{44D1EEC1-AAA9-40ED-A64C-B32C43953EF2}.Debug|Any CPU.ActiveCfg = Debug|Any CPU
		{44D1EEC1-AAA9-40ED-A64C-B32C43953EF2}.Debug|Any CPU.Build.0 = Debug|Any CPU
		{44D1EEC1-AAA9-40ED-A64C-B32C43953EF2}.Release|Any CPU.ActiveCfg = Release|Any CPU
		{44D1EEC1-AAA9-40ED-A64C-B32C43953EF2}.Release|Any CPU.Build.0 = Release|Any CPU
		{7CE6493F-35C0-48F4-90F1-B235E3E2296C}.Debug|Any CPU.ActiveCfg = Debug|Any CPU
		{7CE6493F-35C0-48F4-90F1-B235E3E2296C}.Debug|Any CPU.Build.0 = Debug|Any CPU
		{7CE6493F-35C0-48F4-90F1-B235E3E2296C}.Release|Any CPU.ActiveCfg = Release|Any CPU
		{7CE6493F-35C0-48F4-90F1-B235E3E2296C}.Release|Any CPU.Build.0 = Release|Any CPU
	EndGlobalSection
	GlobalSection(SolutionProperties) = preSolution
		HideSolutionNode = FALSE
	EndGlobalSection
	GlobalSection(NestedProjects) = preSolution
		{F5FA8B32-A06D-4561-B660-600E36C4B601} = {4762ED38-145E-4A31-898D-948B0F09E40F}
		{0FBEE8FE-B839-4EDF-8F43-A0B6DAA68906} = {DA8502FC-38B6-4A49-801E-C6B6F50B7331}
		{3AF7A71D-3699-4F79-814B-FC8AD67221F5} = {663C8B91-C2DE-439D-B16A-580676A39848}
		{E67C23E7-35CD-44F1-A83B-836AAA90BF54} = {663C8B91-C2DE-439D-B16A-580676A39848}
		{868F7D87-0045-4367-9DC0-D5D3FAB4C736} = {663C8B91-C2DE-439D-B16A-580676A39848}
		{A8A09645-2FB2-41E6-B301-47AEB85B3F63} = {663C8B91-C2DE-439D-B16A-580676A39848}
		{44D1EEC1-AAA9-40ED-A64C-B32C43953EF2} = {663C8B91-C2DE-439D-B16A-580676A39848}
		{7CE6493F-35C0-48F4-90F1-B235E3E2296C} = {4762ED38-145E-4A31-898D-948B0F09E40F}
	EndGlobalSection
	GlobalSection(ExtensibilityGlobals) = postSolution
		SolutionGuid = {F4DBABEA-68C8-4D53-8597-5313B590BD21}
	EndGlobalSection
EndGlobal
